
Microsoft Visual Studio Solution File, Format Version 12.00
# Visual Studio Version 17
VisualStudioVersion = 17.9.34622.214
MinimumVisualStudioVersion = 10.0.40219.1
Project("{9A19103F-16F7-4668-BE54-9A1E7A4F7556}") = "AppView", "OnTap_Net104\AppView.csproj", "{FCC39F64-0164-415E-8737-5278C1F70D29}"
EndProject
Project("{9A19103F-16F7-4668-BE54-9A1E7A4F7556}") = "AppAPI", "AppAPI\AppAPI.csproj", "{512FEDF4-C452-4AE7-BD86-D46BEB15F1E7}"
EndProject
Project("{FAE04EC0-301F-11D3-BF4B-00C04F79EFBC}") = "AppData", "AppData\AppData.csproj", "{210EE703-4DDF-44B4-A09D-19A17804E2D7}"
EndProject
Global
	GlobalSection(SolutionConfigurationPlatforms) = preSolution
		Debug|Any CPU = Debug|Any CPU
		Release|Any CPU = Release|Any CPU
	EndGlobalSection
	GlobalSection(ProjectConfigurationPlatforms) = postSolution
		{FCC39F64-0164-415E-8737-5278C1F70D29}.Debug|Any CPU.ActiveCfg = Debug|Any CPU
		{FCC39F64-0164-415E-8737-5278C1F70D29}.Debug|Any CPU.Build.0 = Debug|Any CPU
		{FCC39F64-0164-415E-8737-5278C1F70D29}.Release|Any CPU.ActiveCfg = Release|Any CPU
		{FCC39F64-0164-415E-8737-5278C1F70D29}.Release|Any CPU.Build.0 = Release|Any CPU
		{512FEDF4-C452-4AE7-BD86-D46BEB15F1E7}.Debug|Any CPU.ActiveCfg = Debug|Any CPU
		{512FEDF4-C452-4AE7-BD86-D46BEB15F1E7}.Debug|Any CPU.Build.0 = Debug|Any CPU
		{512FEDF4-C452-4AE7-BD86-D46BEB15F1E7}.Release|Any CPU.ActiveCfg = Release|Any CPU
		{512FEDF4-C452-4AE7-BD86-D46BEB15F1E7}.Release|Any CPU.Build.0 = Release|Any CPU
		{210EE703-4DDF-44B4-A09D-19A17804E2D7}.Debug|Any CPU.ActiveCfg = Debug|Any CPU
		{210EE703-4DDF-44B4-A09D-19A17804E2D7}.Debug|Any CPU.Build.0 = Debug|Any CPU
		{210EE703-4DDF-44B4-A09D-19A17804E2D7}.Release|Any CPU.ActiveCfg = Release|Any CPU
		{210EE703-4DDF-44B4-A09D-19A17804E2D7}.Release|Any CPU.Build.0 = Release|Any CPU
	EndGlobalSection
	GlobalSection(SolutionProperties) = preSolution
		HideSolutionNode = FALSE
	EndGlobalSection
	GlobalSection(ExtensibilityGlobals) = postSolution
		SolutionGuid = {F73EF27A-3306-4974-B6D8-660CFAE64FCA}
	EndGlobalSection
EndGlobal
